dependencies:
- name: crds
  repository: ""
  version: 0.0.0
- name: kube-state-metrics
  repository: https://prometheus-community.github.io/helm-charts
  version: 5.25.1
- name: prometheus-node-exporter
  repository: https://prometheus-community.github.io/helm-charts
  version: 4.39.0
- name: grafana
  repository: https://grafana.github.io/helm-charts
  version: 8.4.9
- name: prometheus-windows-exporter
  repository: https://prometheus-community.github.io/helm-charts
  version: 0.5.2
digest: sha256:561bc48e8bb49a52e32ddca1754c850a164e240d64b500c059ec90b68f4d5073
generated: "2024-08-29T10:58:10.823495616Z"
